
Microsoft Visual Studio Solution File, Format Version 12.00
# Visual Studio Version 16
VisualStudioVersion = 16.0.31702.278
MinimumVisualStudioVersion = 10.0.40219.1
Project("{9A19103F-16F7-4668-BE54-9A1E7A4F7556}") = "Notes.WebAPI", "Notes.WebAPI\Notes.WebAPI.csproj", "{6501B339-5A9F-46D8-9737-84508945EB59}"
EndProject
Global
	GlobalSection(SolutionConfigurationPlatforms) = preSolution
		Debug|Any CPU = Debug|Any CPU
		Release|Any CPU = Release|Any CPU
	EndGlobalSection
	GlobalSection(ProjectConfigurationPlatforms) = postSolution
		{6501B339-5A9F-46D8-9737-84508945EB59}.Debug|Any CPU.ActiveCfg = Debug|Any CPU
		{6501B339-5A9F-46D8-9737-84508945EB59}.Debug|Any CPU.Build.0 = Debug|Any CPU
		{6501B339-5A9F-46D8-9737-84508945EB59}.Release|Any CPU.ActiveCfg = Release|Any CPU
		{6501B339-5A9F-46D8-9737-84508945EB59}.Release|Any CPU.Build.0 = Release|Any CPU
	EndGlobalSection
	GlobalSection(SolutionProperties) = preSolution
		HideSolutionNode = FALSE
	EndGlobalSection
	GlobalSection(ExtensibilityGlobals) = postSolution
		SolutionGuid = {7D5D140D-0904-4574-94CF-1475AC0FF478}
	EndGlobalSection
EndGlobal
